
Microsoft Visual Studio Solution File, Format Version 12.00
# Visual Studio Version 16
VisualStudioVersion = 16.0.31205.134
MinimumVisualStudioVersion = 10.0.40219.1
Project("{9A19103F-16F7-4668-BE54-9A1E7A4F7556}") = "NetDesk.App", "src\NetDesk.App\NetDesk.App.csproj", "{DD468988-7321-4BFE-A34D-65B615275FE8}"
EndProject
Project("{FAE04EC0-301F-11D3-BF4B-00C04F79EFBC}") = "NetDesk.Business", "src\NetDesk.Business\NetDesk.Business.csproj", "{30705A57-39BF-4AD4-89A0-F11606918C76}"
EndProject
Project("{FAE04EC0-301F-11D3-BF4B-00C04F79EFBC}") = "NetDesk.Data", "src\NetDesk.Data\NetDesk.Data.csproj", "{0D6273BB-542D-4B99-A1F2-B05C2B09FAE6}"
EndProject
Global
	GlobalSection(SolutionConfigurationPlatforms) = preSolution
		Debug|Any CPU = Debug|Any CPU
		Release|Any CPU = Release|Any CPU
	EndGlobalSection
	GlobalSection(ProjectConfigurationPlatforms) = postSolution
		{DD468988-7321-4BFE-A34D-65B615275FE8}.Debug|Any CPU.ActiveCfg = Debug|Any CPU
		{DD468988-7321-4BFE-A34D-65B615275FE8}.Debug|Any CPU.Build.0 = Debug|Any CPU
		{DD468988-7321-4BFE-A34D-65B615275FE8}.Release|Any CPU.ActiveCfg = Release|Any CPU
		{DD468988-7321-4BFE-A34D-65B615275FE8}.Release|Any CPU.Build.0 = Release|Any CPU
		{30705A57-39BF-4AD4-89A0-F11606918C76}.Debug|Any CPU.ActiveCfg = Debug|Any CPU
		{30705A57-39BF-4AD4-89A0-F11606918C76}.Debug|Any CPU.Build.0 = Debug|Any CPU
		{30705A57-39BF-4AD4-89A0-F11606918C76}.Release|Any CPU.ActiveCfg = Release|Any CPU
		{30705A57-39BF-4AD4-89A0-F11606918C76}.Release|Any CPU.Build.0 = Release|Any CPU
		{0D6273BB-542D-4B99-A1F2-B05C2B09FAE6}.Debug|Any CPU.ActiveCfg = Debug|Any CPU
		{0D6273BB-542D-4B99-A1F2-B05C2B09FAE6}.Debug|Any CPU.Build.0 = Debug|Any CPU
		{0D6273BB-542D-4B99-A1F2-B05C2B09FAE6}.Release|Any CPU.ActiveCfg = Release|Any CPU
		{0D6273BB-542D-4B99-A1F2-B05C2B09FAE6}.Release|Any CPU.Build.0 = Release|Any CPU
	EndGlobalSection
	GlobalSection(SolutionProperties) = preSolution
		HideSolutionNode = FALSE
	EndGlobalSection
	GlobalSection(ExtensibilityGlobals) = postSolution
		SolutionGuid = {58E5A1E9-91F7-44AA-90F2-8A8CCDF37E22}
	EndGlobalSection
EndGlobal
